
Microsoft Visual Studio Solution File, Format Version 12.00
# Visual Studio 2017
Project("{FAE04EC0-301F-11D3-BF4B-00C04F79EFBC}") = "GlobalGameJam2018", "GlobalGameJam2018.csproj", "{83964CE9-83BC-79DE-8702-F45E164B47C2}"
EndProject
Project("{FAE04EC0-301F-11D3-BF4B-00C04F79EFBC}") = "GlobalGameJam2018.Editor", "GlobalGameJam2018.Editor.csproj", "{B7A999EF-B134-FEA7-4F89-0F85C7FE03D9}"
EndProject
Global
	GlobalSection(SolutionConfigurationPlatforms) = preSolution
		Debug|Any CPU = Debug|Any CPU
		Release|Any CPU = Release|Any CPU
	EndGlobalSection
	GlobalSection(ProjectConfigurationPlatforms) = postSolution
		{83964CE9-83BC-79DE-8702-F45E164B47C2}.Debug|Any CPU.ActiveCfg = Debug|Any CPU
		{83964CE9-83BC-79DE-8702-F45E164B47C2}.Debug|Any CPU.Build.0 = Debug|Any CPU
		{83964CE9-83BC-79DE-8702-F45E164B47C2}.Release|Any CPU.ActiveCfg = Release|Any CPU
		{83964CE9-83BC-79DE-8702-F45E164B47C2}.Release|Any CPU.Build.0 = Release|Any CPU
		{B7A999EF-B134-FEA7-4F89-0F85C7FE03D9}.Debug|Any CPU.ActiveCfg = Debug|Any CPU
		{B7A999EF-B134-FEA7-4F89-0F85C7FE03D9}.Debug|Any CPU.Build.0 = Debug|Any CPU
		{B7A999EF-B134-FEA7-4F89-0F85C7FE03D9}.Release|Any CPU.ActiveCfg = Release|Any CPU
		{B7A999EF-B134-FEA7-4F89-0F85C7FE03D9}.Release|Any CPU.Build.0 = Release|Any CPU
	EndGlobalSection
	GlobalSection(SolutionProperties) = preSolution
		HideSolutionNode = FALSE
	EndGlobalSection
EndGlobal
